// !$*UTF8*$!
{
	archiveVersion = 1;
	classes = {
	};
	objectVersion = 56;
	objects = {

/* Begin PBXBuildFile section */
		571E52772CB2576500390085 /* UIImageLoader.swift in Sources */ = {isa = PBXBuildFile; fileRef = 571E52762CB2576500390085 /* UIImageLoader.swift */; };
		571E527A2CB257B800390085 /* UIImageView+Extension.swift in Sources */ = {isa = PBXBuildFile; fileRef = 571E52792CB257B800390085 /* UIImageView+Extension.swift */; };
		5747F3E62CB1ACD000291A13 /* ImageLoader.swift in Sources */ = {isa = PBXBuildFile; fileRef = 5747F3E52CB1ACD000291A13 /* ImageLoader.swift */; };
		57772B8E2CB04C3F008106EE /* Telstra_POCApp.swift in Sources */ = {isa = PBXBuildFile; fileRef = 57772B8D2CB04C3F008106EE /* Telstra_POCApp.swift */; };
		57772B902CB04C3F008106EE /* ContentView.swift in Sources */ = {isa = PBXBuildFile; fileRef = 57772B8F2CB04C3F008106EE /* ContentView.swift */; };
		57772B922CB04C40008106EE /* Assets.xcassets in Resources */ = {isa = PBXBuildFile; fileRef = 57772B912CB04C40008106EE /* Assets.xcassets */; };
		57772B962CB04C40008106EE /* Preview Assets.xcassets in Resources */ = {isa = PBXBuildFile; fileRef = 57772B952CB04C40008106EE /* Preview Assets.xcassets */; };
		57772BA02CB04C40008106EE /* Telstra_POCTests.swift in Sources */ = {isa = PBXBuildFile; fileRef = 57772B9F2CB04C40008106EE /* Telstra_POCTests.swift */; };
		57772BAA2CB04C40008106EE /* Telstra_POCUITests.swift in Sources */ = {isa = PBXBuildFile; fileRef = 57772BA92CB04C40008106EE /* Telstra_POCUITests.swift */; };
		57772BAC2CB04C40008106EE /* Telstra_POCUITestsLaunchTests.swift in Sources */ = {isa = PBXBuildFile; fileRef = 57772BAB2CB04C40008106EE /* Telstra_POCUITestsLaunchTests.swift */; };
		57772BB92CB04CF9008106EE /* UIKitViewControllerWrapper.swift in Sources */ = {isa = PBXBuildFile; fileRef = 57772BB82CB04CF9008106EE /* UIKitViewControllerWrapper.swift */; };
		57772BBD2CB04E38008106EE /* MyTableViewController.swift in Sources */ = {isa = PBXBuildFile; fileRef = 57772BBC2CB04E38008106EE /* MyTableViewController.swift */; };
		57772BC32CB05A9A008106EE /* MyTableViewModel.swift in Sources */ = {isa = PBXBuildFile; fileRef = 57772BC22CB05A9A008106EE /* MyTableViewModel.swift */; };
		57772BC52CB05AAB008106EE /* MyTableModel.swift in Sources */ = {isa = PBXBuildFile; fileRef = 57772BC42CB05AAB008106EE /* MyTableModel.swift */; };
		57772BC72CB05ABE008106EE /* NetworkManager.swift in Sources */ = {isa = PBXBuildFile; fileRef = 57772BC62CB05ABE008106EE /* NetworkManager.swift */; };
		57772BC92CB05E5C008106EE /* EndPoints.swift in Sources */ = {isa = PBXBuildFile; fileRef = 57772BC82CB05E5C008106EE /* EndPoints.swift */; };
		57772BD32CB0FED3008106EE /* MyTableViewCell.swift in Sources */ = {isa = PBXBuildFile; fileRef = 57772BD22CB0FED3008106EE /* MyTableViewCell.swift */; };
/* End PBXBuildFile section */

/* Begin PBXContainerItemProxy section */
		57772B9C2CB04C40008106EE /* PBXContainerItemProxy */ = {
			isa = PBXContainerItemProxy;
			containerPortal = 57772B822CB04C3F008106EE /* Project object */;
			proxyType = 1;
			remoteGlobalIDString = 57772B892CB04C3F008106EE;
			remoteInfo = "Telstra POC";
		};
		57772BA62CB04C40008106EE /* PBXContainerItemProxy */ = {
			isa = PBXContainerItemProxy;
			containerPortal = 57772B822CB04C3F008106EE /* Project object */;
			proxyType = 1;
			remoteGlobalIDString = 57772B892CB04C3F008106EE;
			remoteInfo = "Telstra POC";
		};
/* End PBXContainerItemProxy section */

/* Begin PBXFileReference section */
		571E52762CB2576500390085 /* UIImageLoader.swift */ = {isa = PBXFileReference; lastKnownFileType = sourcecode.swift; path = UIImageLoader.swift; sourceTree = "<group>"; };
		571E52792CB257B800390085 /* UIImageView+Extension.swift */ = {isa = PBXFileReference; lastKnownFileType = sourcecode.swift; path = "UIImageView+Extension.swift"; sourceTree = "<group>"; };
		571E527B2CB25AF300390085 /* Telstra-POC-Info.plist */ = {isa = PBXFileReference; lastKnownFileType = text.plist; path = "Telstra-POC-Info.plist"; sourceTree = SOURCE_ROOT; };
		5747F3E52CB1ACD000291A13 /* ImageLoader.swift */ = {isa = PBXFileReference; lastKnownFileType = sourcecode.swift; path = ImageLoader.swift; sourceTree = "<group>"; };
		57772B8A2CB04C3F008106EE /* Telstra POC.app */ = {isa = PBXFileReference; explicitFileType = wrapper.application; includeInIndex = 0; path = "Telstra POC.app"; sourceTree = BUILT_PRODUCTS_DIR; };
		57772B8D2CB04C3F008106EE /* Telstra_POCApp.swift */ = {isa = PBXFileReference; lastKnownFileType = sourcecode.swift; path = Telstra_POCApp.swift; sourceTree = "<group>"; };
		57772B8F2CB04C3F008106EE /* ContentView.swift */ = {isa = PBXFileReference; lastKnownFileType = sourcecode.swift; path = ContentView.swift; sourceTree = "<group>"; };
		57772B912CB04C40008106EE /* Assets.xcassets */ = {isa = PBXFileReference; lastKnownFileType = folder.assetcatalog; path = Assets.xcassets; sourceTree = "<group>"; };
		57772B932CB04C40008106EE /* Telstra_POC.entitlements */ = {isa = PBXFileReference; lastKnownFileType = text.plist.entitlements; path = Telstra_POC.entitlements; sourceTree = "<group>"; };
		57772B952CB04C40008106EE /* Preview Assets.xcassets */ = {isa = PBXFileReference; lastKnownFileType = folder.assetcatalog; path = "Preview Assets.xcassets"; sourceTree = "<group>"; };
		57772B9B2CB04C40008106EE /* Telstra POCTests.xctest */ = {isa = PBXFileReference; explicitFileType = wrapper.cfbundle; includeInIndex = 0; path = "Telstra POCTests.xctest"; sourceTree = BUILT_PRODUCTS_DIR; };
		57772B9F2CB04C40008106EE /* Telstra_POCTests.swift */ = {isa = PBXFileReference; lastKnownFileType = sourcecode.swift; path = Telstra_POCTests.swift; sourceTree = "<group>"; };
		57772BA52CB04C40008106EE /* Telstra POCUITests.xctest */ = {isa = PBXFileReference; explicitFileType = wrapper.cfbundle; includeInIndex = 0; path = "Telstra POCUITests.xctest"; sourceTree = BUILT_PRODUCTS_DIR; };
		57772BA92CB04C40008106EE /* Telstra_POCUITests.swift */ = {isa = PBXFileReference; lastKnownFileType = sourcecode.swift; path = Telstra_POCUITests.swift; sourceTree = "<group>"; };
		57772BAB2CB04C40008106EE /* Telstra_POCUITestsLaunchTests.swift */ = {isa = PBXFileReference; lastKnownFileType = sourcecode.swift; path = Telstra_POCUITestsLaunchTests.swift; sourceTree = "<group>"; };
		57772BB82CB04CF9008106EE /* UIKitViewControllerWrapper.swift */ = {isa = PBXFileReference; lastKnownFileType = sourcecode.swift; path = UIKitViewControllerWrapper.swift; sourceTree = "<group>"; };
		57772BBC2CB04E38008106EE /* MyTableViewController.swift */ = {isa = PBXFileReference; lastKnownFileType = sourcecode.swift; path = MyTableViewController.swift; sourceTree = "<group>"; };
		57772BC22CB05A9A008106EE /* MyTableViewModel.swift */ = {isa = PBXFileReference; lastKnownFileType = sourcecode.swift; path = MyTableViewModel.swift; sourceTree = "<group>"; };
		57772BC42CB05AAB008106EE /* MyTableModel.swift */ = {isa = PBXFileReference; lastKnownFileType = sourcecode.swift; path = MyTableModel.swift; sourceTree = "<group>"; };
		57772BC62CB05ABE008106EE /* NetworkManager.swift */ = {isa = PBXFileReference; lastKnownFileType = sourcecode.swift; path = NetworkManager.swift; sourceTree = "<group>"; };
		57772BC82CB05E5C008106EE /* EndPoints.swift */ = {isa = PBXFileReference; lastKnownFileType = sourcecode.swift; path = EndPoints.swift; sourceTree = "<group>"; };
		57772BD22CB0FED3008106EE /* MyTableViewCell.swift */ = {isa = PBXFileReference; lastKnownFileType = sourcecode.swift; path = MyTableViewCell.swift; sourceTree = "<group>"; };
/* End PBXFileReference section */

/* Begin PBXFrameworksBuildPhase section */
		57772B872CB04C3F008106EE /* Frameworks */ = {
			isa = PBXFrameworksBuildPhase;
			buildActionMask = 2147483647;
			files = (
			);
			runOnlyForDeploymentPostprocessing = 0;
		};
		57772B982CB04C40008106EE /* Frameworks */ = {
			isa = PBXFrameworksBuildPhase;
			buildActionMask = 2147483647;
			files = (
			);
			runOnlyForDeploymentPostprocessing = 0;
		};
		57772BA22CB04C40008106EE /* Frameworks */ = {
			isa = PBXFrameworksBuildPhase;
			buildActionMask = 2147483647;
			files = (
			);
			runOnlyForDeploymentPostprocessing = 0;
		};
/* End PBXFrameworksBuildPhase section */

/* Begin PBXGroup section */
		571E52752CB2574300390085 /* ImageDownloading */ = {
			isa = PBXGroup;
			children = (
				5747F3E52CB1ACD000291A13 /* ImageLoader.swift */,
				571E52762CB2576500390085 /* UIImageLoader.swift */,
			);
			path = ImageDownloading;
			sourceTree = "<group>";
		};
		571E52782CB2579F00390085 /* Extensions */ = {
			isa = PBXGroup;
			children = (
				571E52792CB257B800390085 /* UIImageView+Extension.swift */,
			);
			path = Extensions;
			sourceTree = "<group>";
		};
		57772B812CB04C3F008106EE = {
			isa = PBXGroup;
			children = (
				57772B8C2CB04C3F008106EE /* Telstra POC */,
				57772B9E2CB04C40008106EE /* Telstra POCTests */,
				57772BA82CB04C40008106EE /* Telstra POCUITests */,
				57772B8B2CB04C3F008106EE /* Products */,
			);
			sourceTree = "<group>";
		};
		57772B8B2CB04C3F008106EE /* Products */ = {
			isa = PBXGroup;
			children = (
				57772B8A2CB04C3F008106EE /* Telstra POC.app */,
				57772B9B2CB04C40008106EE /* Telstra POCTests.xctest */,
				57772BA52CB04C40008106EE /* Telstra POCUITests.xctest */,
			);
			name = Products;
			sourceTree = "<group>";
		};
		57772B8C2CB04C3F008106EE /* Telstra POC */ = {
			isa = PBXGroup;
			children = (
				571E527B2CB25AF300390085 /* Telstra-POC-Info.plist */,
				57772BC02CB05297008106EE /* Model */,
				57772BBF2CB0528E008106EE /* ViewModel */,
				57772BBE2CB05287008106EE /* Views */,
				57772BCB2CB065A3008106EE /* Helpers */,
				57772B8D2CB04C3F008106EE /* Telstra_POCApp.swift */,
				57772B8F2CB04C3F008106EE /* ContentView.swift */,
				57772BB82CB04CF9008106EE /* UIKitViewControllerWrapper.swift */,
				57772B912CB04C40008106EE /* Assets.xcassets */,
				57772B932CB04C40008106EE /* Telstra_POC.entitlements */,
				57772B942CB04C40008106EE /* Preview Content */,
			);
			path = "Telstra POC";
			sourceTree = "<group>";
		};
		57772B942CB04C40008106EE /* Preview Content */ = {
			isa = PBXGroup;
			children = (
				57772B952CB04C40008106EE /* Preview Assets.xcassets */,
			);
			path = "Preview Content";
			sourceTree = "<group>";
		};
		57772B9E2CB04C40008106EE /* Telstra POCTests */ = {
			isa = PBXGroup;
			children = (
				57772B9F2CB04C40008106EE /* Telstra_POCTests.swift */,
			);
			path = "Telstra POCTests";
			sourceTree = "<group>";
		};
		57772BA82CB04C40008106EE /* Telstra POCUITests */ = {
			isa = PBXGroup;
			children = (
				57772BA92CB04C40008106EE /* Telstra_POCUITests.swift */,
				57772BAB2CB04C40008106EE /* Telstra_POCUITestsLaunchTests.swift */,
			);
			path = "Telstra POCUITests";
			sourceTree = "<group>";
		};
		57772BBE2CB05287008106EE /* Views */ = {
			isa = PBXGroup;
			children = (
				57772BCF2CB06633008106EE /* View */,
				57772BCE2CB06627008106EE /* ViewControllers */,
			);
			path = Views;
			sourceTree = "<group>";
		};
		57772BBF2CB0528E008106EE /* ViewModel */ = {
			isa = PBXGroup;
			children = (
				57772BC22CB05A9A008106EE /* MyTableViewModel.swift */,
			);
			path = ViewModel;
			sourceTree = "<group>";
		};
		57772BC02CB05297008106EE /* Model */ = {
			isa = PBXGroup;
			children = (
				57772BC42CB05AAB008106EE /* MyTableModel.swift */,
			);
			path = Model;
			sourceTree = "<group>";
		};
		57772BC12CB052A4008106EE /* NetworkManager */ = {
			isa = PBXGroup;
			children = (
				571E52752CB2574300390085 /* ImageDownloading */,
				57772BC62CB05ABE008106EE /* NetworkManager.swift */,
				57772BC82CB05E5C008106EE /* EndPoints.swift */,
			);
			path = NetworkManager;
			sourceTree = "<group>";
		};
		57772BCB2CB065A3008106EE /* Helpers */ = {
			isa = PBXGroup;
			children = (
				571E52782CB2579F00390085 /* Extensions */,
				57772BC12CB052A4008106EE /* NetworkManager */,
			);
			path = Helpers;
			sourceTree = "<group>";
		};
		57772BCE2CB06627008106EE /* ViewControllers */ = {
			isa = PBXGroup;
			children = (
				57772BBC2CB04E38008106EE /* MyTableViewController.swift */,
			);
			path = ViewControllers;
			sourceTree = "<group>";
		};
		57772BCF2CB06633008106EE /* View */ = {
			isa = PBXGroup;
			children = (
				57772BD22CB0FED3008106EE /* MyTableViewCell.swift */,
			);
			path = View;
			sourceTree = "<group>";
		};
/* End PBXGroup section */

/* Begin PBXNativeTarget section */
		57772B892CB04C3F008106EE /* Telstra POC */ = {
			isa = PBXNativeTarget;
			buildConfigurationList = 57772BAF2CB04C40008106EE /* Build configuration list for PBXNativeTarget "Telstra POC" */;
			buildPhases = (
				57772B862CB04C3F008106EE /* Sources */,
				57772B872CB04C3F008106EE /* Frameworks */,
				57772B882CB04C3F008106EE /* Resources */,
			);
			buildRules = (
			);
			dependencies = (
			);
			name = "Telstra POC";
			productName = "Telstra POC";
			productReference = 57772B8A2CB04C3F008106EE /* Telstra POC.app */;
			productType = "com.apple.product-type.application";
		};
		57772B9A2CB04C40008106EE /* Telstra POCTests */ = {
			isa = PBXNativeTarget;
			buildConfigurationList = 57772BB22CB04C40008106EE /* Build configuration list for PBXNativeTarget "Telstra POCTests" */;
			buildPhases = (
				57772B972CB04C40008106EE /* Sources */,
				57772B982CB04C40008106EE /* Frameworks */,
				57772B992CB04C40008106EE /* Resources */,
			);
			buildRules = (
			);
			dependencies = (
				57772B9D2CB04C40008106EE /* PBXTargetDependency */,
			);
			name = "Telstra POCTests";
			productName = "Telstra POCTests";
			productReference = 57772B9B2CB04C40008106EE /* Telstra POCTests.xctest */;
			productType = "com.apple.product-type.bundle.unit-test";
		};
		57772BA42CB04C40008106EE /* Telstra POCUITests */ = {
			isa = PBXNativeTarget;
			buildConfigurationList = 57772BB52CB04C40008106EE /* Build configuration list for PBXNativeTarget "Telstra POCUITests" */;
			buildPhases = (
				57772BA12CB04C40008106EE /* Sources */,
				57772BA22CB04C40008106EE /* Frameworks */,
				57772BA32CB04C40008106EE /* Resources */,
			);
			buildRules = (
			);
			dependencies = (
				57772BA72CB04C40008106EE /* PBXTargetDependency */,
			);
			name = "Telstra POCUITests";
			productName = "Telstra POCUITests";
			productReference = 57772BA52CB04C40008106EE /* Telstra POCUITests.xctest */;
			productType = "com.apple.product-type.bundle.ui-testing";
		};
/* End PBXNativeTarget section */

/* Begin PBXProject section */
		57772B822CB04C3F008106EE /* Project object */ = {
			isa = PBXProject;
			attributes = {
				BuildIndependentTargetsInParallel = 1;
				LastSwiftUpdateCheck = 1540;
				LastUpgradeCheck = 1540;
				TargetAttributes = {
					57772B892CB04C3F008106EE = {
						CreatedOnToolsVersion = 15.4;
					};
					57772B9A2CB04C40008106EE = {
						CreatedOnToolsVersion = 15.4;
						TestTargetID = 57772B892CB04C3F008106EE;
					};
					57772BA42CB04C40008106EE = {
						CreatedOnToolsVersion = 15.4;
						TestTargetID = 57772B892CB04C3F008106EE;
					};
				};
			};
			buildConfigurationList = 57772B852CB04C3F008106EE /* Build configuration list for PBXProject "Telstra POC" */;
			compatibilityVersion = "Xcode 14.0";
			developmentRegion = en;
			hasScannedForEncodings = 0;
			knownRegions = (
				en,
				Base,
			);
			mainGroup = 57772B812CB04C3F008106EE;
			productRefGroup = 57772B8B2CB04C3F008106EE /* Products */;
			projectDirPath = "";
			projectRoot = "";
			targets = (
				57772B892CB04C3F008106EE /* Telstra POC */,
				57772B9A2CB04C40008106EE /* Telstra POCTests */,
				57772BA42CB04C40008106EE /* Telstra POCUITests */,
			);
		};
/* End PBXProject section */

/* Begin PBXResourcesBuildPhase section */
		57772B882CB04C3F008106EE /* Resources */ = {
			isa = PBXResourcesBuildPhase;
			buildActionMask = 2147483647;
			files = (
				57772B962CB04C40008106EE /* Preview Assets.xcassets in Resources */,
				57772B922CB04C40008106EE /* Assets.xcassets in Resources */,
			);
			runOnlyForDeploymentPostprocessing = 0;
		};
		57772B992CB04C40008106EE /* Resources */ = {
			isa = PBXResourcesBuildPhase;
			buildActionMask = 2147483647;
			files = (
			);
			runOnlyForDeploymentPostprocessing = 0;
		};
		57772BA32CB04C40008106EE /* Resources */ = {
			isa = PBXResourcesBuildPhase;
			buildActionMask = 2147483647;
			files = (
			);
			runOnlyForDeploymentPostprocessing = 0;
		};
/* End PBXResourcesBuildPhase section */

/* Begin PBXSourcesBuildPhase section */
		57772B862CB04C3F008106EE /* Sources */ = {
			isa = PBXSourcesBuildPhase;
			buildActionMask = 2147483647;
			files = (
				57772BC52CB05AAB008106EE /* MyTableModel.swift in Sources */,
				57772BB92CB04CF9008106EE /* UIKitViewControllerWrapper.swift in Sources */,
				5747F3E62CB1ACD000291A13 /* ImageLoader.swift in Sources */,
				57772BC32CB05A9A008106EE /* MyTableViewModel.swift in Sources */,
				57772BD32CB0FED3008106EE /* MyTableViewCell.swift in Sources */,
				571E52772CB2576500390085 /* UIImageLoader.swift in Sources */,
				571E527A2CB257B800390085 /* UIImageView+Extension.swift in Sources */,
				57772BC72CB05ABE008106EE /* NetworkManager.swift in Sources */,
				57772B902CB04C3F008106EE /* ContentView.swift in Sources */,
				57772B8E2CB04C3F008106EE /* Telstra_POCApp.swift in Sources */,
				57772BC92CB05E5C008106EE /* EndPoints.swift in Sources */,
				57772BBD2CB04E38008106EE /* MyTableViewController.swift in Sources */,
			);
			runOnlyForDeploymentPostprocessing = 0;
		};
		57772B972CB04C40008106EE /* Sources */ = {
			isa = PBXSourcesBuildPhase;
			buildActionMask = 2147483647;
			files = (
				57772BA02CB04C40008106EE /* Telstra_POCTests.swift in Sources */,
			);
			runOnlyForDeploymentPostprocessing = 0;
		};
		57772BA12CB04C40008106EE /* Sources */ = {
			isa = PBXSourcesBuildPhase;
			buildActionMask = 2147483647;
			files = (
				57772BAA2CB04C40008106EE /* Telstra_POCUITests.swift in Sources */,
				57772BAC2CB04C40008106EE /* Telstra_POCUITestsLaunchTests.swift in Sources */,
			);
			runOnlyForDeploymentPostprocessing = 0;
		};
/* End PBXSourcesBuildPhase section */

/* Begin PBXTargetDependency section */
		57772B9D2CB04C40008106EE /* PBXTargetDependency */ = {
			isa = PBXTargetDependency;
			target = 57772B892CB04C3F008106EE /* Telstra POC */;
			targetProxy = 57772B9C2CB04C40008106EE /* PBXContainerItemProxy */;
		};
		57772BA72CB04C40008106EE /* PBXTargetDependency */ = {
			isa = PBXTargetDependency;
			target = 57772B892CB04C3F008106EE /* Telstra POC */;
			targetProxy = 57772BA62CB04C40008106EE /* PBXContainerItemProxy */;
		};
/* End PBXTargetDependency section */

/* Begin XCBuildConfiguration section */
		57772BAD2CB04C40008106EE /* Debug */ = {
			isa = XCBuildConfiguration;
			buildSettings = {
				ALWAYS_SEARCH_USER_PATHS = NO;
				ASSETCATALOG_COMPILER_GENERATE_SWIFT_ASSET_SYMBOL_EXTENSIONS = YES;
				CLANG_ANALYZER_NONNULL = YES;
				CLANG_ANALYZER_NUMBER_OBJECT_CONVERSION = YES_AGGRESSIVE;
				CLANG_CXX_LANGUAGE_STANDARD = "gnu++20";
				CLANG_ENABLE_MODULES = YES;
				CLANG_ENABLE_OBJC_ARC = YES;
				CLANG_ENABLE_OBJC_WEAK = YES;
				CLANG_WARN_BLOCK_CAPTURE_AUTORELEASING = YES;
				CLANG_WARN_BOOL_CONVERSION = YES;
				CLANG_WARN_COMMA = YES;
				CLANG_WARN_CONSTANT_CONVERSION = YES;
				CLANG_WARN_DEPRECATED_OBJC_IMPLEMENTATIONS = YES;
				CLANG_WARN_DIRECT_OBJC_ISA_USAGE = YES_ERROR;
				CLANG_WARN_DOCUMENTATION_COMMENTS = YES;
				CLANG_WARN_EMPTY_BODY = YES;
				CLANG_WARN_ENUM_CONVERSION = YES;
				CLANG_WARN_INFINITE_RECURSION = YES;
				CLANG_WARN_INT_CONVERSION = YES;
				CLANG_WARN_NON_LITERAL_NULL_CONVERSION = YES;
				CLANG_WARN_OBJC_IMPLICIT_RETAIN_SELF = YES;
				CLANG_WARN_OBJC_LITERAL_CONVERSION = YES;
				CLANG_WARN_OBJC_ROOT_CLASS = YES_ERROR;
				CLANG_WARN_QUOTED_INCLUDE_IN_FRAMEWORK_HEADER = YES;
				CLANG_WARN_RANGE_LOOP_ANALYSIS = YES;
				CLANG_WARN_STRICT_PROTOTYPES = YES;
				CLANG_WARN_SUSPICIOUS_MOVE = YES;
				CLANG_WARN_UNGUARDED_AVAILABILITY = YES_AGGRESSIVE;
				CLANG_WARN_UNREACHABLE_CODE = YES;
				CLANG_WARN__DUPLICATE_METHOD_MATCH = YES;
				COPY_PHASE_STRIP = NO;
				DEBUG_INFORMATION_FORMAT = dwarf;
				ENABLE_STRICT_OBJC_MSGSEND = YES;
				ENABLE_TESTABILITY = YES;
				ENABLE_USER_SCRIPT_SANDBOXING = YES;
				GCC_C_LANGUAGE_STANDARD = gnu17;
				GCC_DYNAMIC_NO_PIC = NO;
				GCC_NO_COMMON_BLOCKS = YES;
				GCC_OPTIMIZATION_LEVEL = 0;
				GCC_PREPROCESSOR_DEFINITIONS = (
					"DEBUG=1",
					"$(inherited)",
				);
				GCC_WARN_64_TO_32_BIT_CONVERSION = YES;
				GCC_WARN_ABOUT_RETURN_TYPE = YES_ERROR;
				GCC_WARN_UNDECLARED_SELECTOR = YES;
				GCC_WARN_UNINITIALIZED_AUTOS = YES_AGGRESSIVE;
				GCC_WARN_UNUSED_FUNCTION = YES;
				GCC_WARN_UNUSED_VARIABLE = YES;
				LOCALIZATION_PREFERS_STRING_CATALOGS = YES;
				MTL_ENABLE_DEBUG_INFO = INCLUDE_SOURCE;
				MTL_FAST_MATH = YES;
				ONLY_ACTIVE_ARCH = YES;
				SWIFT_ACTIVE_COMPILATION_CONDITIONS = "DEBUG $(inherited)";
				SWIFT_OPTIMIZATION_LEVEL = "-Onone";
			};
			name = Debug;
		};
		57772BAE2CB04C40008106EE /* Release */ = {
			isa = XCBuildConfiguration;
			buildSettings = {
				ALWAYS_SEARCH_USER_PATHS = NO;
				ASSETCATALOG_COMPILER_GENERATE_SWIFT_ASSET_SYMBOL_EXTENSIONS = YES;
				CLANG_ANALYZER_NONNULL = YES;
				CLANG_ANALYZER_NUMBER_OBJECT_CONVERSION = YES_AGGRESSIVE;
				CLANG_CXX_LANGUAGE_STANDARD = "gnu++20";
				CLANG_ENABLE_MODULES = YES;
				CLANG_ENABLE_OBJC_ARC = YES;
				CLANG_ENABLE_OBJC_WEAK = YES;
				CLANG_WARN_BLOCK_CAPTURE_AUTORELEASING = YES;
				CLANG_WARN_BOOL_CONVERSION = YES;
				CLANG_WARN_COMMA = YES;
				CLANG_WARN_CONSTANT_CONVERSION = YES;
				CLANG_WARN_DEPRECATED_OBJC_IMPLEMENTATIONS = YES;
				CLANG_WARN_DIRECT_OBJC_ISA_USAGE = YES_ERROR;
				CLANG_WARN_DOCUMENTATION_COMMENTS = YES;
				CLANG_WARN_EMPTY_BODY = YES;
				CLANG_WARN_ENUM_CONVERSION = YES;
				CLANG_WARN_INFINITE_RECURSION = YES;
				CLANG_WARN_INT_CONVERSION = YES;
				CLANG_WARN_NON_LITERAL_NULL_CONVERSION = YES;
				CLANG_WARN_OBJC_IMPLICIT_RETAIN_SELF = YES;
				CLANG_WARN_OBJC_LITERAL_CONVERSION = YES;
				CLANG_WARN_OBJC_ROOT_CLASS = YES_ERROR;
				CLANG_WARN_QUOTED_INCLUDE_IN_FRAMEWORK_HEADER = YES;
				CLANG_WARN_RANGE_LOOP_ANALYSIS = YES;
				CLANG_WARN_STRICT_PROTOTYPES = YES;
				CLANG_WARN_SUSPICIOUS_MOVE = YES;
				CLANG_WARN_UNGUARDED_AVAILABILITY = YES_AGGRESSIVE;
				CLANG_WARN_UNREACHABLE_CODE = YES;
				CLANG_WARN__DUPLICATE_METHOD_MATCH = YES;
				COPY_PHASE_STRIP = NO;
				DEBUG_INFORMATION_FORMAT = "dwarf-with-dsym";
				ENABLE_NS_ASSERTIONS = NO;
				ENABLE_STRICT_OBJC_MSGSEND = YES;
				ENABLE_USER_SCRIPT_SANDBOXING = YES;
				GCC_C_LANGUAGE_STANDARD = gnu17;
				GCC_NO_COMMON_BLOCKS = YES;
				GCC_WARN_64_TO_32_BIT_CONVERSION = YES;
				GCC_WARN_ABOUT_RETURN_TYPE = YES_ERROR;
				GCC_WARN_UNDECLARED_SELECTOR = YES;
				GCC_WARN_UNINITIALIZED_AUTOS = YES_AGGRESSIVE;
				GCC_WARN_UNUSED_FUNCTION = YES;
				GCC_WARN_UNUSED_VARIABLE = YES;
				LOCALIZATION_PREFERS_STRING_CATALOGS = YES;
				MTL_ENABLE_DEBUG_INFO = NO;
				MTL_FAST_MATH = YES;
				SWIFT_COMPILATION_MODE = wholemodule;
			};
			name = Release;
		};
		57772BB02CB04C40008106EE /* Debug */ = {
			isa = XCBuildConfiguration;
			buildSettings = {
				ASSETCATALOG_COMPILER_APPICON_NAME = AppIcon;
				ASSETCATALOG_COMPILER_GLOBAL_ACCENT_COLOR_NAME = AccentColor;
				CODE_SIGN_ENTITLEMENTS = "Telstra POC/Telstra_POC.entitlements";
				CODE_SIGN_STYLE = Automatic;
				CURRENT_PROJECT_VERSION = 1;
				DEVELOPMENT_ASSET_PATHS = "\"Telstra POC/Preview Content\"";
				ENABLE_PREVIEWS = YES;
				GENERATE_INFOPLIST_FILE = YES;
				INFOPLIST_FILE = "Telstra-POC-Info.plist";
				"INFOPLIST_KEY_UIApplicationSceneManifest_Generation[sdk=iphoneos*]" = YES;
				"INFOPLIST_KEY_UIApplicationSceneManifest_Generation[sdk=iphonesimulator*]" = YES;
				"INFOPLIST_KEY_UIApplicationSupportsIndirectInputEvents[sdk=iphoneos*]" = YES;
				"INFOPLIST_KEY_UIApplicationSupportsIndirectInputEvents[sdk=iphonesimulator*]" = YES;
				"INFOPLIST_KEY_UILaunchScreen_Generation[sdk=iphoneos*]" = YES;
				"INFOPLIST_KEY_UILaunchScreen_Generation[sdk=iphonesimulator*]" = YES;
				"INFOPLIST_KEY_UIStatusBarStyle[sdk=iphoneos*]" = UIStatusBarStyleDefault;
				"INFOPLIST_KEY_UIStatusBarStyle[sdk=iphonesimulator*]" = UIStatusBarStyleDefault;
				INFOPLIST_KEY_UISupportedInterfaceOrientations_iPad = "UIInterfaceOrientationPortrait UIInterfaceOrientationPortraitUpsideDown UIInterfaceOrientationLandscapeLeft UIInterfaceOrientationLandscapeRight";
				INFOPLIST_KEY_UISupportedInterfaceOrientations_iPhone = "UIInterfaceOrientationPortrait UIInterfaceOrientationLandscapeLeft UIInterfaceOrientationLandscapeRight";
				IPHONEOS_DEPLOYMENT_TARGET = 15.0;
				LD_RUNPATH_SEARCH_PATHS = "@executable_path/Frameworks";
				"LD_RUNPATH_SEARCH_PATHS[sdk=macosx*]" = "@executable_path/../Frameworks";
				MACOSX_DEPLOYMENT_TARGET = 14.5;
				MARKETING_VERSION = 1.0;
				PRODUCT_BUNDLE_IDENTIFIER = "Com.Rajat.Telstra-POC";
				PRODUCT_NAME = "$(TARGET_NAME)";
				SDKROOT = auto;
				SUPPORTED_PLATFORMS = "iphoneos iphonesimulator";
				SUPPORTS_MACCATALYST = NO;
				SWIFT_EMIT_LOC_STRINGS = YES;
				SWIFT_VERSION = 5.0;
				TARGETED_DEVICE_FAMILY = "1,2";
			};
			name = Debug;
		};
		57772BB12CB04C40008106EE /* Release */ = {
			isa = XCBuildConfiguration;
			buildSettings = {
				ASSETCATALOG_COMPILER_APPICON_NAME = AppIcon;
				ASSETCATALOG_COMPILER_GLOBAL_ACCENT_COLOR_NAME = AccentColor;
				CODE_SIGN_ENTITLEMENTS = "Telstra POC/Telstra_POC.entitlements";
				CODE_SIGN_STYLE = Automatic;
				CURRENT_PROJECT_VERSION = 1;
				DEVELOPMENT_ASSET_PATHS = "\"Telstra POC/Preview Content\"";
				ENABLE_PREVIEWS = YES;
				GENERATE_INFOPLIST_FILE = YES;
				INFOPLIST_FILE = "Telstra-POC-Info.plist";
				"INFOPLIST_KEY_UIApplicationSceneManifest_Generation[sdk=iphoneos*]" = YES;
				"INFOPLIST_KEY_UIApplicationSceneManifest_Generation[sdk=iphonesimulator*]" = YES;
				"INFOPLIST_KEY_UIApplicationSupportsIndirectInputEvents[sdk=iphoneos*]" = YES;
				"INFOPLIST_KEY_UIApplicationSupportsIndirectInputEvents[sdk=iphonesimulator*]" = YES;
				"INFOPLIST_KEY_UILaunchScreen_Generation[sdk=iphoneos*]" = YES;
				"INFOPLIST_KEY_UILaunchScreen_Generation[sdk=iphonesimulator*]" = YES;
				"INFOPLIST_KEY_UIStatusBarStyle[sdk=iphoneos*]" = UIStatusBarStyleDefault;
				"INFOPLIST_KEY_UIStatusBarStyle[sdk=iphonesimulator*]" = UIStatusBarStyleDefault;
				INFOPLIST_KEY_UISupportedInterfaceOrientations_iPad = "UIInterfaceOrientationPortrait UIInterfaceOrientationPortraitUpsideDown UIInterfaceOrientationLandscapeLeft UIInterfaceOrientationLandscapeRight";
				INFOPLIST_KEY_UISupportedInterfaceOrientations_iPhone = "UIInterfaceOrientationPortrait UIInterfaceOrientationLandscapeLeft UIInterfaceOrientationLandscapeRight";
				IPHONEOS_DEPLOYMENT_TARGET = 15.0;
				LD_RUNPATH_SEARCH_PATHS = "@executable_path/Frameworks";
				"LD_RUNPATH_SEARCH_PATHS[sdk=macosx*]" = "@executable_path/../Frameworks";
				MACOSX_DEPLOYMENT_TARGET = 14.5;
				MARKETING_VERSION = 1.0;
				PRODUCT_BUNDLE_IDENTIFIER = "Com.Rajat.Telstra-POC";
				PRODUCT_NAME = "$(TARGET_NAME)";
				SDKROOT = auto;
				SUPPORTED_PLATFORMS = "iphoneos iphonesimulator";
				SUPPORTS_MACCATALYST = NO;
				SWIFT_EMIT_LOC_STRINGS = YES;
				SWIFT_VERSION = 5.0;
				TARGETED_DEVICE_FAMILY = "1,2";
			};
			name = Release;
		};
		57772BB32CB04C40008106EE /* Debug */ = {
			isa = XCBuildConfiguration;
			buildSettings = {
				ALWAYS_EMBED_SWIFT_STANDARD_LIBRARIES = YES;
				BUNDLE_LOADER = "$(TEST_HOST)";
				CODE_SIGN_STYLE = Automatic;
				CURRENT_PROJECT_VERSION = 1;
				GENERATE_INFOPLIST_FILE = YES;
				IPHONEOS_DEPLOYMENT_TARGET = 17.5;
				MACOSX_DEPLOYMENT_TARGET = 14.5;
				MARKETING_VERSION = 1.0;
				PRODUCT_BUNDLE_IDENTIFIER = "Com.Rajat.Telstra-POCTests";
				PRODUCT_NAME = "$(TARGET_NAME)";
				SDKROOT = auto;
				SUPPORTED_PLATFORMS = "iphoneos iphonesimulator macosx";
				SWIFT_EMIT_LOC_STRINGS = NO;
				SWIFT_VERSION = 5.0;
				TARGETED_DEVICE_FAMILY = "1,2";
				TEST_HOST = "$(BUILT_PRODUCTS_DIR)/Telstra POC.app/$(BUNDLE_EXECUTABLE_FOLDER_PATH)/Telstra POC";
			};
			name = Debug;
		};
		57772BB42CB04C40008106EE /* Release */ = {
			isa = XCBuildConfiguration;
			buildSettings = {
				ALWAYS_EMBED_SWIFT_STANDARD_LIBRARIES = YES;
				BUNDLE_LOADER = "$(TEST_HOST)";
				CODE_SIGN_STYLE = Automatic;
				CURRENT_PROJECT_VERSION = 1;
				GENERATE_INFOPLIST_FILE = YES;
				IPHONEOS_DEPLOYMENT_TARGET = 17.5;
				MACOSX_DEPLOYMENT_TARGET = 14.5;
				MARKETING_VERSION = 1.0;
				PRODUCT_BUNDLE_IDENTIFIER = "Com.Rajat.Telstra-POCTests";
				PRODUCT_NAME = "$(TARGET_NAME)";
				SDKROOT = auto;
				SUPPORTED_PLATFORMS = "iphoneos iphonesimulator macosx";
				SWIFT_EMIT_LOC_STRINGS = NO;
				SWIFT_VERSION = 5.0;
				TARGETED_DEVICE_FAMILY = "1,2";
				TEST_HOST = "$(BUILT_PRODUCTS_DIR)/Telstra POC.app/$(BUNDLE_EXECUTABLE_FOLDER_PATH)/Telstra POC";
			};
			name = Release;
		};
		57772BB62CB04C40008106EE /* Debug */ = {
			isa = XCBuildConfiguration;
			buildSettings = {
				ALWAYS_EMBED_SWIFT_STANDARD_LIBRARIES = YES;
				CODE_SIGN_STYLE = Automatic;
				CURRENT_PROJECT_VERSION = 1;
				GENERATE_INFOPLIST_FILE = YES;
				IPHONEOS_DEPLOYMENT_TARGET = 17.5;
				MACOSX_DEPLOYMENT_TARGET = 14.5;
				MARKETING_VERSION = 1.0;
				PRODUCT_BUNDLE_IDENTIFIER = "Com.Rajat.Telstra-POCUITests";
				PRODUCT_NAME = "$(TARGET_NAME)";
				SDKROOT = auto;
				SUPPORTED_PLATFORMS = "iphoneos iphonesimulator macosx";
				SWIFT_EMIT_LOC_STRINGS = NO;
				SWIFT_VERSION = 5.0;
				TARGETED_DEVICE_FAMILY = "1,2";
				TEST_TARGET_NAME = "Telstra POC";
			};
			name = Debug;
		};
		57772BB72CB04C40008106EE /* Release */ = {
			isa = XCBuildConfiguration;
			buildSettings = {
				ALWAYS_EMBED_SWIFT_STANDARD_LIBRARIES = YES;
				CODE_SIGN_STYLE = Automatic;
				CURRENT_PROJECT_VERSION = 1;
				GENERATE_INFOPLIST_FILE = YES;
				IPHONEOS_DEPLOYMENT_TARGET = 17.5;
				MACOSX_DEPLOYMENT_TARGET = 14.5;
				MARKETING_VERSION = 1.0;
				PRODUCT_BUNDLE_IDENTIFIER = "Com.Rajat.Telstra-POCUITests";
				PRODUCT_NAME = "$(TARGET_NAME)";
				SDKROOT = auto;
				SUPPORTED_PLATFORMS = "iphoneos iphonesimulator macosx";
				SWIFT_EMIT_LOC_STRINGS = NO;
				SWIFT_VERSION = 5.0;
				TARGETED_DEVICE_FAMILY = "1,2";
				TEST_TARGET_NAME = "Telstra POC";
			};
			name = Release;
		};
/* End XCBuildConfiguration section */

/* Begin XCConfigurationList section */
		57772B852CB04C3F008106EE /* Build configuration list for PBXProject "Telstra POC" */ = {
			isa = XCConfigurationList;
			buildConfigurations = (
				57772BAD2CB04C40008106EE /* Debug */,
				57772BAE2CB04C40008106EE /* Release */,
			);
			defaultConfigurationIsVisible = 0;
			defaultConfigurationName = Release;
		};
		57772BAF2CB04C40008106EE /* Build configuration list for PBXNativeTarget "Telstra POC" */ = {
			isa = XCConfigurationList;
			buildConfigurations = (
				57772BB02CB04C40008106EE /* Debug */,
				57772BB12CB04C40008106EE /* Release */,
			);
			defaultConfigurationIsVisible = 0;
			defaultConfigurationName = Release;
		};
		57772BB22CB04C40008106EE /* Build configuration list for PBXNativeTarget "Telstra POCTests" */ = {
			isa = XCConfigurationList;
			buildConfigurations = (
				57772BB32CB04C40008106EE /* Debug */,
				57772BB42CB04C40008106EE /* Release */,
			);
			defaultConfigurationIsVisible = 0;
			defaultConfigurationName = Release;
		};
		57772BB52CB04C40008106EE /* Build configuration list for PBXNativeTarget "Telstra POCUITests" */ = {
			isa = XCConfigurationList;
			buildConfigurations = (
				57772BB62CB04C40008106EE /* Debug */,
				57772BB72CB04C40008106EE /* Release */,
			);
			defaultConfigurationIsVisible = 0;
			defaultConfigurationName = Release;
		};
/* End XCConfigurationList section */
	};
	rootObject = 57772B822CB04C3F008106EE /* Project object */;
}
